
Microsoft Visual Studio Solution File, Format Version 12.00
Project("{FAE04EC0-301F-11D3-BF4B-00C04F79EFBC}") = "Kolokwium1API", "Kolokwium1API.csproj", "{F18F9010-E270-4EAF-AA02-65C5404C56B3}"
EndProject
Global
	GlobalSection(SolutionConfigurationPlatforms) = preSolution
		Debug|Any CPU = Debug|Any CPU
		Release|Any CPU = Release|Any CPU
	EndGlobalSection
	GlobalSection(ProjectConfigurationPlatforms) = postSolution
		{F18F9010-E270-4EAF-AA02-65C5404C56B3}.Debug|Any CPU.ActiveCfg = Debug|Any CPU
		{F18F9010-E270-4EAF-AA02-65C5404C56B3}.Debug|Any CPU.Build.0 = Debug|Any CPU
		{F18F9010-E270-4EAF-AA02-65C5404C56B3}.Release|Any CPU.ActiveCfg = Release|Any CPU
		{F18F9010-E270-4EAF-AA02-65C5404C56B3}.Release|Any CPU.Build.0 = Release|Any CPU
	EndGlobalSection
EndGlobal
